
Microsoft Visual Studio Solution File, Format Version 12.00
# Visual Studio Version 17
VisualStudioVersion = 17.10.35013.160
MinimumVisualStudioVersion = 10.0.40219.1
Project("{9A19103F-16F7-4668-BE54-9A1E7A4F7556}") = "OrderService", "OrderService.csproj", "{869BEA73-A2E8-4AF7-A34C-56F83CBB8AE6}"
EndProject
Project("{9A19103F-16F7-4668-BE54-9A1E7A4F7556}") = "ProductService", "..\ProjectService\ProductService.csproj", "{4D61AA6F-FC26-4743-A18D-CE6D88DB8019}"
EndProject
Project("{9A19103F-16F7-4668-BE54-9A1E7A4F7556}") = "UsersService", "..\UsersService\UsersService.csproj", "{75835A06-ED9C-4741-9CE0-641C903019A6}"
EndProject
Project("{9A19103F-16F7-4668-BE54-9A1E7A4F7556}") = "SharedModels", "..\SharedModels\SharedModels.csproj", "{65BC2EA3-BA4A-4C3A-93E8-444FF54EC993}"
EndProject
Global
	GlobalSection(SolutionConfigurationPlatforms) = preSolution
		Debug|Any CPU = Debug|Any CPU
		Release|Any CPU = Release|Any CPU
	EndGlobalSection
	GlobalSection(ProjectConfigurationPlatforms) = postSolution
		{869BEA73-A2E8-4AF7-A34C-56F83CBB8AE6}.Debug|Any CPU.ActiveCfg = Debug|Any CPU
		{869BEA73-A2E8-4AF7-A34C-56F83CBB8AE6}.Debug|Any CPU.Build.0 = Debug|Any CPU
		{869BEA73-A2E8-4AF7-A34C-56F83CBB8AE6}.Release|Any CPU.ActiveCfg = Release|Any CPU
		{869BEA73-A2E8-4AF7-A34C-56F83CBB8AE6}.Release|Any CPU.Build.0 = Release|Any CPU
		{4D61AA6F-FC26-4743-A18D-CE6D88DB8019}.Debug|Any CPU.ActiveCfg = Debug|Any CPU
		{4D61AA6F-FC26-4743-A18D-CE6D88DB8019}.Debug|Any CPU.Build.0 = Debug|Any CPU
		{4D61AA6F-FC26-4743-A18D-CE6D88DB8019}.Release|Any CPU.ActiveCfg = Release|Any CPU
		{4D61AA6F-FC26-4743-A18D-CE6D88DB8019}.Release|Any CPU.Build.0 = Release|Any CPU
		{75835A06-ED9C-4741-9CE0-641C903019A6}.Debug|Any CPU.ActiveCfg = Debug|Any CPU
		{75835A06-ED9C-4741-9CE0-641C903019A6}.Debug|Any CPU.Build.0 = Debug|Any CPU
		{75835A06-ED9C-4741-9CE0-641C903019A6}.Release|Any CPU.ActiveCfg = Release|Any CPU
		{75835A06-ED9C-4741-9CE0-641C903019A6}.Release|Any CPU.Build.0 = Release|Any CPU
		{65BC2EA3-BA4A-4C3A-93E8-444FF54EC993}.Debug|Any CPU.ActiveCfg = Debug|Any CPU
		{65BC2EA3-BA4A-4C3A-93E8-444FF54EC993}.Debug|Any CPU.Build.0 = Debug|Any CPU
		{65BC2EA3-BA4A-4C3A-93E8-444FF54EC993}.Release|Any CPU.ActiveCfg = Release|Any CPU
		{65BC2EA3-BA4A-4C3A-93E8-444FF54EC993}.Release|Any CPU.Build.0 = Release|Any CPU
	EndGlobalSection
	GlobalSection(SolutionProperties) = preSolution
		HideSolutionNode = FALSE
	EndGlobalSection
	GlobalSection(ExtensibilityGlobals) = postSolution
		SolutionGuid = {1DF34E01-CE45-44C8-B32D-3F33A70727B1}
	EndGlobalSection
EndGlobal
